// !$*UTF8*$!
{
	archiveVersion = 1;
	classes = {
	};
	objectVersion = 50;
	objects = {

/* Begin PBXBuildFile section */
		D44922B623E16CCF00BCD131 /* RestUser.swift in Sources */ = {isa = PBXBuildFile; fileRef = D44922B523E16CCF00BCD131 /* RestUser.swift */; };
		D44922B823E1724400BCD131 /* RestPost.swift in Sources */ = {isa = PBXBuildFile; fileRef = D44922B723E1724400BCD131 /* RestPost.swift */; };
		D44922BA23E1731300BCD131 /* RestComment.swift in Sources */ = {isa = PBXBuildFile; fileRef = D44922B923E1731300BCD131 /* RestComment.swift */; };
		D44922BC23E17FD600BCD131 /* Rest.swift in Sources */ = {isa = PBXBuildFile; fileRef = D44922BB23E17FD600BCD131 /* Rest.swift */; };
		D44922BE23E199C600BCD131 /* extension.swift in Sources */ = {isa = PBXBuildFile; fileRef = D44922BD23E199C600BCD131 /* extension.swift */; };
		D45813E523E16714004EB81A /* RestResponse.swift in Sources */ = {isa = PBXBuildFile; fileRef = D45813E423E16714004EB81A /* RestResponse.swift */; };
		D4592EEB23A013480017EADB /* UserData.swift in Sources */ = {isa = PBXBuildFile; fileRef = D4592EEA23A013480017EADB /* UserData.swift */; };
		D4592EEF23A019FB0017EADB /* PostData.swift in Sources */ = {isa = PBXBuildFile; fileRef = D4592EEE23A019FB0017EADB /* PostData.swift */; };
		D4592EF123A01A980017EADB /* UIImageView+DownloadImage.swift in Sources */ = {isa = PBXBuildFile; fileRef = D4592EF023A01A980017EADB /* UIImageView+DownloadImage.swift */; };
		D45CE96823A2BC340067F8AC /* ErrorsData.swift in Sources */ = {isa = PBXBuildFile; fileRef = D45CE96723A2BC340067F8AC /* ErrorsData.swift */; };
		D45D9DFF23B4FCC600BAC8DF /* GalleryData.swift in Sources */ = {isa = PBXBuildFile; fileRef = D45D9DFE23B4FCC600BAC8DF /* GalleryData.swift */; };
		D45D9E0123B4FD4700BAC8DF /* Gallery.swift in Sources */ = {isa = PBXBuildFile; fileRef = D45D9E0023B4FD4700BAC8DF /* Gallery.swift */; };
		D460F7A323EAC6040052F2A4 /* Rest+Posts.swift in Sources */ = {isa = PBXBuildFile; fileRef = D460F7A223EAC6040052F2A4 /* Rest+Posts.swift */; };
		D460F7A523EAD71C0052F2A4 /* Rest+User.swift in Sources */ = {isa = PBXBuildFile; fileRef = D460F7A423EAD71C0052F2A4 /* Rest+User.swift */; };
		D460F7A723EAD9040052F2A4 /* Rest+Comments.swift in Sources */ = {isa = PBXBuildFile; fileRef = D460F7A623EAD9040052F2A4 /* Rest+Comments.swift */; };
		D461DF4623C74449005D3E39 /* AuthorCell.swift in Sources */ = {isa = PBXBuildFile; fileRef = D461DF4523C74449005D3E39 /* AuthorCell.swift */; };
		D461DF4823C746C9005D3E39 /* FullPostCell.swift in Sources */ = {isa = PBXBuildFile; fileRef = D461DF4723C746C9005D3E39 /* FullPostCell.swift */; };
		D461DF4A23C74786005D3E39 /* CommentCell.swift in Sources */ = {isa = PBXBuildFile; fileRef = D461DF4923C74786005D3E39 /* CommentCell.swift */; };
		D461DF4C23C74B8A005D3E39 /* AddCommentCell.xib in Resources */ = {isa = PBXBuildFile; fileRef = D461DF4B23C74B8A005D3E39 /* AddCommentCell.xib */; };
		D461DF4E23C74BFF005D3E39 /* FullPostCell.xib in Resources */ = {isa = PBXBuildFile; fileRef = D461DF4D23C74BFF005D3E39 /* FullPostCell.xib */; };
		D461DF5023C74CC9005D3E39 /* AuthorCell.xib in Resources */ = {isa = PBXBuildFile; fileRef = D461DF4F23C74CC9005D3E39 /* AuthorCell.xib */; };
		D461DF5223C7503B005D3E39 /* CommentCell.xib in Resources */ = {isa = PBXBuildFile; fileRef = D461DF5123C7503B005D3E39 /* CommentCell.xib */; };
		D463C8BE23C4A5B60033F621 /* GalleryViewController.swift in Sources */ = {isa = PBXBuildFile; fileRef = D463C8BD23C4A5B60033F621 /* GalleryViewController.swift */; };
		D463C8C023C4A8490033F621 /* GalleryCell.swift in Sources */ = {isa = PBXBuildFile; fileRef = D463C8BF23C4A8490033F621 /* GalleryCell.swift */; };
		D464385923CC6779002F34FE /* AddCommentViewController.swift in Sources */ = {isa = PBXBuildFile; fileRef = D464385823CC6779002F34FE /* AddCommentViewController.swift */; };
		D464571F23A16FDB00B8C63A /* PostDetailViewController.swift in Sources */ = {isa = PBXBuildFile; fileRef = D464571E23A16FDB00B8C63A /* PostDetailViewController.swift */; };
		D4658FFF23A2423800E7BD6D /* MetaData.swift in Sources */ = {isa = PBXBuildFile; fileRef = D4658FFE23A2423800E7BD6D /* MetaData.swift */; };
		D465900123A249C800E7BD6D /* CommentsData.swift in Sources */ = {isa = PBXBuildFile; fileRef = D465900023A249C800E7BD6D /* CommentsData.swift */; };
		D465900323A253AC00E7BD6D /* Comments.swift in Sources */ = {isa = PBXBuildFile; fileRef = D465900223A253AC00E7BD6D /* Comments.swift */; };
		D4665876239F8A6D008F13D9 /* AppDelegate.swift in Sources */ = {isa = PBXBuildFile; fileRef = D4665875239F8A6D008F13D9 /* AppDelegate.swift */; };
		D4665878239F8A6D008F13D9 /* SceneDelegate.swift in Sources */ = {isa = PBXBuildFile; fileRef = D4665877239F8A6D008F13D9 /* SceneDelegate.swift */; };
		D466587F239F8A6D008F13D9 /* Main.storyboard in Resources */ = {isa = PBXBuildFile; fileRef = D466587D239F8A6D008F13D9 /* Main.storyboard */; };
		D4665881239F8A6E008F13D9 /* Assets.xcassets in Resources */ = {isa = PBXBuildFile; fileRef = D4665880239F8A6E008F13D9 /* Assets.xcassets */; };
		D4665884239F8A6E008F13D9 /* LaunchScreen.storyboard in Resources */ = {isa = PBXBuildFile; fileRef = D4665882239F8A6E008F13D9 /* LaunchScreen.storyboard */; };
		D466588C239F8E94008F13D9 /* PostsViewController.swift in Sources */ = {isa = PBXBuildFile; fileRef = D466588B239F8E94008F13D9 /* PostsViewController.swift */; };
		D466588E239F9A28008F13D9 /* PostCell.swift in Sources */ = {isa = PBXBuildFile; fileRef = D466588D239F9A28008F13D9 /* PostCell.swift */; };
		D4678A5B23A0CFFE00BD8467 /* Posts.swift in Sources */ = {isa = PBXBuildFile; fileRef = D4678A5A23A0CFFE00BD8467 /* Posts.swift */; };
		D4678A5D23A0D13900BD8467 /* TokenRestAPI.swift in Sources */ = {isa = PBXBuildFile; fileRef = D4678A5C23A0D13900BD8467 /* TokenRestAPI.swift */; };
		D4678A5F23A0D1C800BD8467 /* Users.swift in Sources */ = {isa = PBXBuildFile; fileRef = D4678A5E23A0D1C800BD8467 /* Users.swift */; };
/* End PBXBuildFile section */

/* Begin PBXFileReference section */
		D44922B523E16CCF00BCD131 /* RestUser.swift */ = {isa = PBXFileReference; lastKnownFileType = sourcecode.swift; path = RestUser.swift; sourceTree = "<group>"; };
		D44922B723E1724400BCD131 /* RestPost.swift */ = {isa = PBXFileReference; lastKnownFileType = sourcecode.swift; path = RestPost.swift; sourceTree = "<group>"; };
		D44922B923E1731300BCD131 /* RestComment.swift */ = {isa = PBXFileReference; lastKnownFileType = sourcecode.swift; path = RestComment.swift; sourceTree = "<group>"; };
		D44922BB23E17FD600BCD131 /* Rest.swift */ = {isa = PBXFileReference; lastKnownFileType = sourcecode.swift; path = Rest.swift; sourceTree = "<group>"; };
		D44922BD23E199C600BCD131 /* extension.swift */ = {isa = PBXFileReference; lastKnownFileType = sourcecode.swift; path = extension.swift; sourceTree = "<group>"; };
		D45813E423E16714004EB81A /* RestResponse.swift */ = {isa = PBXFileReference; lastKnownFileType = sourcecode.swift; path = RestResponse.swift; sourceTree = "<group>"; };
		D4592EEA23A013480017EADB /* UserData.swift */ = {isa = PBXFileReference; lastKnownFileType = sourcecode.swift; path = UserData.swift; sourceTree = "<group>"; };
		D4592EEE23A019FB0017EADB /* PostData.swift */ = {isa = PBXFileReference; lastKnownFileType = sourcecode.swift; path = PostData.swift; sourceTree = "<group>"; };
		D4592EF023A01A980017EADB /* UIImageView+DownloadImage.swift */ = {isa = PBXFileReference; lastKnownFileType = sourcecode.swift; path = "UIImageView+DownloadImage.swift"; sourceTree = "<group>"; };
		D45CE96723A2BC340067F8AC /* ErrorsData.swift */ = {isa = PBXFileReference; lastKnownFileType = sourcecode.swift; path = ErrorsData.swift; sourceTree = "<group>"; };
		D45D9DFE23B4FCC600BAC8DF /* GalleryData.swift */ = {isa = PBXFileReference; lastKnownFileType = sourcecode.swift; path = GalleryData.swift; sourceTree = "<group>"; };
		D45D9E0023B4FD4700BAC8DF /* Gallery.swift */ = {isa = PBXFileReference; lastKnownFileType = sourcecode.swift; path = Gallery.swift; sourceTree = "<group>"; };
		D460F7A223EAC6040052F2A4 /* Rest+Posts.swift */ = {isa = PBXFileReference; lastKnownFileType = sourcecode.swift; path = "Rest+Posts.swift"; sourceTree = "<group>"; };
		D460F7A423EAD71C0052F2A4 /* Rest+User.swift */ = {isa = PBXFileReference; lastKnownFileType = sourcecode.swift; path = "Rest+User.swift"; sourceTree = "<group>"; };
		D460F7A623EAD9040052F2A4 /* Rest+Comments.swift */ = {isa = PBXFileReference; lastKnownFileType = sourcecode.swift; path = "Rest+Comments.swift"; sourceTree = "<group>"; };
		D461DF4523C74449005D3E39 /* AuthorCell.swift */ = {isa = PBXFileReference; lastKnownFileType = sourcecode.swift; path = AuthorCell.swift; sourceTree = "<group>"; };
		D461DF4723C746C9005D3E39 /* FullPostCell.swift */ = {isa = PBXFileReference; lastKnownFileType = sourcecode.swift; path = FullPostCell.swift; sourceTree = "<group>"; };
		D461DF4923C74786005D3E39 /* CommentCell.swift */ = {isa = PBXFileReference; lastKnownFileType = sourcecode.swift; path = CommentCell.swift; sourceTree = "<group>"; };
		D461DF4B23C74B8A005D3E39 /* AddCommentCell.xib */ = {isa = PBXFileReference; lastKnownFileType = file.xib; path = AddCommentCell.xib; sourceTree = "<group>"; };
		D461DF4D23C74BFF005D3E39 /* FullPostCell.xib */ = {isa = PBXFileReference; lastKnownFileType = file.xib; path = FullPostCell.xib; sourceTree = "<group>"; };
		D461DF4F23C74CC9005D3E39 /* AuthorCell.xib */ = {isa = PBXFileReference; lastKnownFileType = file.xib; path = AuthorCell.xib; sourceTree = "<group>"; };
		D461DF5123C7503B005D3E39 /* CommentCell.xib */ = {isa = PBXFileReference; lastKnownFileType = file.xib; path = CommentCell.xib; sourceTree = "<group>"; };
		D463C8BD23C4A5B60033F621 /* GalleryViewController.swift */ = {isa = PBXFileReference; lastKnownFileType = sourcecode.swift; path = GalleryViewController.swift; sourceTree = "<group>"; };
		D463C8BF23C4A8490033F621 /* GalleryCell.swift */ = {isa = PBXFileReference; lastKnownFileType = sourcecode.swift; path = GalleryCell.swift; sourceTree = "<group>"; };
		D464385823CC6779002F34FE /* AddCommentViewController.swift */ = {isa = PBXFileReference; lastKnownFileType = sourcecode.swift; path = AddCommentViewController.swift; sourceTree = "<group>"; };
		D464571E23A16FDB00B8C63A /* PostDetailViewController.swift */ = {isa = PBXFileReference; lastKnownFileType = sourcecode.swift; path = PostDetailViewController.swift; sourceTree = "<group>"; };
		D4658FFE23A2423800E7BD6D /* MetaData.swift */ = {isa = PBXFileReference; lastKnownFileType = sourcecode.swift; path = MetaData.swift; sourceTree = "<group>"; };
		D465900023A249C800E7BD6D /* CommentsData.swift */ = {isa = PBXFileReference; lastKnownFileType = sourcecode.swift; path = CommentsData.swift; sourceTree = "<group>"; };
		D465900223A253AC00E7BD6D /* Comments.swift */ = {isa = PBXFileReference; lastKnownFileType = sourcecode.swift; path = Comments.swift; sourceTree = "<group>"; };
		D4665872239F8A6D008F13D9 /* GoRest.app */ = {isa = PBXFileReference; explicitFileType = wrapper.application; includeInIndex = 0; path = GoRest.app; sourceTree = BUILT_PRODUCTS_DIR; };
		D4665875239F8A6D008F13D9 /* AppDelegate.swift */ = {isa = PBXFileReference; lastKnownFileType = sourcecode.swift; path = AppDelegate.swift; sourceTree = "<group>"; };
		D4665877239F8A6D008F13D9 /* SceneDelegate.swift */ = {isa = PBXFileReference; lastKnownFileType = sourcecode.swift; path = SceneDelegate.swift; sourceTree = "<group>"; };
		D466587E239F8A6D008F13D9 /* Base */ = {isa = PBXFileReference; lastKnownFileType = file.storyboard; name = Base; path = Base.lproj/Main.storyboard; sourceTree = "<group>"; };
		D4665880239F8A6E008F13D9 /* Assets.xcassets */ = {isa = PBXFileReference; lastKnownFileType = folder.assetcatalog; path = Assets.xcassets; sourceTree = "<group>"; };
		D4665883239F8A6E008F13D9 /* Base */ = {isa = PBXFileReference; lastKnownFileType = file.storyboard; name = Base; path = Base.lproj/LaunchScreen.storyboard; sourceTree = "<group>"; };
		D4665885239F8A6E008F13D9 /* Info.plist */ = {isa = PBXFileReference; lastKnownFileType = text.plist.xml; path = Info.plist; sourceTree = "<group>"; };
		D466588B239F8E94008F13D9 /* PostsViewController.swift */ = {isa = PBXFileReference; lastKnownFileType = sourcecode.swift; path = PostsViewController.swift; sourceTree = "<group>"; };
		D466588D239F9A28008F13D9 /* PostCell.swift */ = {isa = PBXFileReference; lastKnownFileType = sourcecode.swift; path = PostCell.swift; sourceTree = "<group>"; };
		D4678A5A23A0CFFE00BD8467 /* Posts.swift */ = {isa = PBXFileReference; lastKnownFileType = sourcecode.swift; path = Posts.swift; sourceTree = "<group>"; };
		D4678A5C23A0D13900BD8467 /* TokenRestAPI.swift */ = {isa = PBXFileReference; lastKnownFileType = sourcecode.swift; path = TokenRestAPI.swift; sourceTree = "<group>"; };
		D4678A5E23A0D1C800BD8467 /* Users.swift */ = {isa = PBXFileReference; lastKnownFileType = sourcecode.swift; path = Users.swift; sourceTree = "<group>"; };
/* End PBXFileReference section */

/* Begin PBXFrameworksBuildPhase section */
		D466586F239F8A6D008F13D9 /* Frameworks */ = {
			isa = PBXFrameworksBuildPhase;
			buildActionMask = 2147483647;
			files = (
			);
			runOnlyForDeploymentPostprocessing = 0;
		};
/* End PBXFrameworksBuildPhase section */

/* Begin PBXGroup section */
		D4665869239F8A6D008F13D9 = {
			isa = PBXGroup;
			children = (
				D4665874239F8A6D008F13D9 /* GoRest */,
				D4665873239F8A6D008F13D9 /* Products */,
			);
			sourceTree = "<group>";
		};
		D4665873239F8A6D008F13D9 /* Products */ = {
			isa = PBXGroup;
			children = (
				D4665872239F8A6D008F13D9 /* GoRest.app */,
			);
			name = Products;
			sourceTree = "<group>";
		};
		D4665874239F8A6D008F13D9 /* GoRest */ = {
			isa = PBXGroup;
			children = (
				D461DF4B23C74B8A005D3E39 /* AddCommentCell.xib */,
				D464385823CC6779002F34FE /* AddCommentViewController.swift */,
				D4665875239F8A6D008F13D9 /* AppDelegate.swift */,
				D4665880239F8A6E008F13D9 /* Assets.xcassets */,
				D461DF4523C74449005D3E39 /* AuthorCell.swift */,
				D461DF4F23C74CC9005D3E39 /* AuthorCell.xib */,
				D461DF4923C74786005D3E39 /* CommentCell.swift */,
				D461DF5123C7503B005D3E39 /* CommentCell.xib */,
				D465900223A253AC00E7BD6D /* Comments.swift */,
				D465900023A249C800E7BD6D /* CommentsData.swift */,
				D45CE96723A2BC340067F8AC /* ErrorsData.swift */,
				D461DF4723C746C9005D3E39 /* FullPostCell.swift */,
				D461DF4D23C74BFF005D3E39 /* FullPostCell.xib */,
				D45D9E0023B4FD4700BAC8DF /* Gallery.swift */,
				D463C8BF23C4A8490033F621 /* GalleryCell.swift */,
				D45D9DFE23B4FCC600BAC8DF /* GalleryData.swift */,
				D463C8BD23C4A5B60033F621 /* GalleryViewController.swift */,
				D4665885239F8A6E008F13D9 /* Info.plist */,
				D4665882239F8A6E008F13D9 /* LaunchScreen.storyboard */,
				D466587D239F8A6D008F13D9 /* Main.storyboard */,
				D4658FFE23A2423800E7BD6D /* MetaData.swift */,
				D466588D239F9A28008F13D9 /* PostCell.swift */,
				D4592EEE23A019FB0017EADB /* PostData.swift */,
				D464571E23A16FDB00B8C63A /* PostDetailViewController.swift */,
				D45813E423E16714004EB81A /* RestResponse.swift */,
				D44922B523E16CCF00BCD131 /* RestUser.swift */,
				D44922B723E1724400BCD131 /* RestPost.swift */,
				D44922B923E1731300BCD131 /* RestComment.swift */,
				D44922BB23E17FD600BCD131 /* Rest.swift */,
				D460F7A223EAC6040052F2A4 /* Rest+Posts.swift */,
				D460F7A623EAD9040052F2A4 /* Rest+Comments.swift */,
				D460F7A423EAD71C0052F2A4 /* Rest+User.swift */,
				D44922BD23E199C600BCD131 /* extension.swift */,
				D4678A5A23A0CFFE00BD8467 /* Posts.swift */,
				D466588B239F8E94008F13D9 /* PostsViewController.swift */,
				D4665877239F8A6D008F13D9 /* SceneDelegate.swift */,
				D4678A5C23A0D13900BD8467 /* TokenRestAPI.swift */,
				D4592EF023A01A980017EADB /* UIImageView+DownloadImage.swift */,
				D4592EEA23A013480017EADB /* UserData.swift */,
				D4678A5E23A0D1C800BD8467 /* Users.swift */,
			);
			path = GoRest;
			sourceTree = "<group>";
		};
/* End PBXGroup section */

/* Begin PBXNativeTarget section */
		D4665871239F8A6D008F13D9 /* GoRest */ = {
			isa = PBXNativeTarget;
			buildConfigurationList = D4665888239F8A6E008F13D9 /* Build configuration list for PBXNativeTarget "GoRest" */;
			buildPhases = (
				D466586E239F8A6D008F13D9 /* Sources */,
				D466586F239F8A6D008F13D9 /* Frameworks */,
				D4665870239F8A6D008F13D9 /* Resources */,
			);
			buildRules = (
			);
			dependencies = (
			);
			name = GoRest;
			productName = GoRest;
			productReference = D4665872239F8A6D008F13D9 /* GoRest.app */;
			productType = "com.apple.product-type.application";
		};
/* End PBXNativeTarget section */

/* Begin PBXProject section */
		D466586A239F8A6D008F13D9 /* Project object */ = {
			isa = PBXProject;
			attributes = {
				LastSwiftUpdateCheck = 1120;
				LastUpgradeCheck = 1120;
				ORGANIZATIONNAME = "Alexander Grishin";
				TargetAttributes = {
					D4665871239F8A6D008F13D9 = {
						CreatedOnToolsVersion = 11.2.1;
					};
				};
			};
			buildConfigurationList = D466586D239F8A6D008F13D9 /* Build configuration list for PBXProject "GoRest" */;
			compatibilityVersion = "Xcode 9.3";
			developmentRegion = en;
			hasScannedForEncodings = 0;
			knownRegions = (
				en,
				Base,
			);
			mainGroup = D4665869239F8A6D008F13D9;
			productRefGroup = D4665873239F8A6D008F13D9 /* Products */;
			projectDirPath = "";
			projectRoot = "";
			targets = (
				D4665871239F8A6D008F13D9 /* GoRest */,
			);
		};
/* End PBXProject section */

/* Begin PBXResourcesBuildPhase section */
		D4665870239F8A6D008F13D9 /* Resources */ = {
			isa = PBXResourcesBuildPhase;
			buildActionMask = 2147483647;
			files = (
				D4665884239F8A6E008F13D9 /* LaunchScreen.storyboard in Resources */,
				D4665881239F8A6E008F13D9 /* Assets.xcassets in Resources */,
				D461DF5023C74CC9005D3E39 /* AuthorCell.xib in Resources */,
				D466587F239F8A6D008F13D9 /* Main.storyboard in Resources */,
				D461DF4C23C74B8A005D3E39 /* AddCommentCell.xib in Resources */,
				D461DF4E23C74BFF005D3E39 /* FullPostCell.xib in Resources */,
				D461DF5223C7503B005D3E39 /* CommentCell.xib in Resources */,
			);
			runOnlyForDeploymentPostprocessing = 0;
		};
/* End PBXResourcesBuildPhase section */

/* Begin PBXSourcesBuildPhase section */
		D466586E239F8A6D008F13D9 /* Sources */ = {
			isa = PBXSourcesBuildPhase;
			buildActionMask = 2147483647;
			files = (
				D45D9E0123B4FD4700BAC8DF /* Gallery.swift in Sources */,
				D4592EF123A01A980017EADB /* UIImageView+DownloadImage.swift in Sources */,
				D45CE96823A2BC340067F8AC /* ErrorsData.swift in Sources */,
				D44922BC23E17FD600BCD131 /* Rest.swift in Sources */,
				D461DF4A23C74786005D3E39 /* CommentCell.swift in Sources */,
				D4592EEB23A013480017EADB /* UserData.swift in Sources */,
				D464385923CC6779002F34FE /* AddCommentViewController.swift in Sources */,
				D4658FFF23A2423800E7BD6D /* MetaData.swift in Sources */,
				D465900323A253AC00E7BD6D /* Comments.swift in Sources */,
				D461DF4623C74449005D3E39 /* AuthorCell.swift in Sources */,
				D4678A5F23A0D1C800BD8467 /* Users.swift in Sources */,
				D461DF4823C746C9005D3E39 /* FullPostCell.swift in Sources */,
				D45D9DFF23B4FCC600BAC8DF /* GalleryData.swift in Sources */,
				D44922BA23E1731300BCD131 /* RestComment.swift in Sources */,
				D464571F23A16FDB00B8C63A /* PostDetailViewController.swift in Sources */,
				D44922BE23E199C600BCD131 /* extension.swift in Sources */,
				D4678A5D23A0D13900BD8467 /* TokenRestAPI.swift in Sources */,
				D465900123A249C800E7BD6D /* CommentsData.swift in Sources */,
				D466588C239F8E94008F13D9 /* PostsViewController.swift in Sources */,
				D4665876239F8A6D008F13D9 /* AppDelegate.swift in Sources */,
				D44922B823E1724400BCD131 /* RestPost.swift in Sources */,
				D4665878239F8A6D008F13D9 /* SceneDelegate.swift in Sources */,
				D45813E523E16714004EB81A /* RestResponse.swift in Sources */,
				D460F7A323EAC6040052F2A4 /* Rest+Posts.swift in Sources */,
				D44922B623E16CCF00BCD131 /* RestUser.swift in Sources */,
				D4592EEF23A019FB0017EADB /* PostData.swift in Sources */,
				D463C8C023C4A8490033F621 /* GalleryCell.swift in Sources */,
				D460F7A523EAD71C0052F2A4 /* Rest+User.swift in Sources */,
				D463C8BE23C4A5B60033F621 /* GalleryViewController.swift in Sources */,
				D460F7A723EAD9040052F2A4 /* Rest+Comments.swift in Sources */,
				D466588E239F9A28008F13D9 /* PostCell.swift in Sources */,
				D4678A5B23A0CFFE00BD8467 /* Posts.swift in Sources */,
			);
			runOnlyForDeploymentPostprocessing = 0;
		};
/* End PBXSourcesBuildPhase section */

/* Begin PBXVariantGroup section */
		D466587D239F8A6D008F13D9 /* Main.storyboard */ = {
			isa = PBXVariantGroup;
			children = (
				D466587E239F8A6D008F13D9 /* Base */,
			);
			name = Main.storyboard;
			sourceTree = "<group>";
		};
		D4665882239F8A6E008F13D9 /* LaunchScreen.storyboard */ = {
			isa = PBXVariantGroup;
			children = (
				D4665883239F8A6E008F13D9 /* Base */,
			);
			name = LaunchScreen.storyboard;
			sourceTree = "<group>";
		};
/* End PBXVariantGroup section */

/* Begin XCBuildConfiguration section */
		D4665886239F8A6E008F13D9 /* Debug */ = {
			isa = XCBuildConfiguration;
			buildSettings = {
				ALWAYS_SEARCH_USER_PATHS = NO;
				CLANG_ANALYZER_NONNULL = YES;
				CLANG_ANALYZER_NUMBER_OBJECT_CONVERSION = YES_AGGRESSIVE;
				CLANG_CXX_LANGUAGE_STANDARD = "gnu++14";
				CLANG_CXX_LIBRARY = "libc++";
				CLANG_ENABLE_MODULES = YES;
				CLANG_ENABLE_OBJC_ARC = YES;
				CLANG_ENABLE_OBJC_WEAK = YES;
				CLANG_WARN_BLOCK_CAPTURE_AUTORELEASING = YES;
				CLANG_WARN_BOOL_CONVERSION = YES;
				CLANG_WARN_COMMA = YES;
				CLANG_WARN_CONSTANT_CONVERSION = YES;
				CLANG_WARN_DEPRECATED_OBJC_IMPLEMENTATIONS = YES;
				CLANG_WARN_DIRECT_OBJC_ISA_USAGE = YES_ERROR;
				CLANG_WARN_DOCUMENTATION_COMMENTS = YES;
				CLANG_WARN_EMPTY_BODY = YES;
				CLANG_WARN_ENUM_CONVERSION = YES;
				CLANG_WARN_INFINITE_RECURSION = YES;
				CLANG_WARN_INT_CONVERSION = YES;
				CLANG_WARN_NON_LITERAL_NULL_CONVERSION = YES;
				CLANG_WARN_OBJC_IMPLICIT_RETAIN_SELF = YES;
				CLANG_WARN_OBJC_LITERAL_CONVERSION = YES;
				CLANG_WARN_OBJC_ROOT_CLASS = YES_ERROR;
				CLANG_WARN_RANGE_LOOP_ANALYSIS = YES;
				CLANG_WARN_STRICT_PROTOTYPES = YES;
				CLANG_WARN_SUSPICIOUS_MOVE = YES;
				CLANG_WARN_UNGUARDED_AVAILABILITY = YES_AGGRESSIVE;
				CLANG_WARN_UNREACHABLE_CODE = YES;
				CLANG_WARN__DUPLICATE_METHOD_MATCH = YES;
				COPY_PHASE_STRIP = NO;
				DEBUG_INFORMATION_FORMAT = dwarf;
				ENABLE_STRICT_OBJC_MSGSEND = YES;
				ENABLE_TESTABILITY = YES;
				GCC_C_LANGUAGE_STANDARD = gnu11;
				GCC_DYNAMIC_NO_PIC = NO;
				GCC_NO_COMMON_BLOCKS = YES;
				GCC_OPTIMIZATION_LEVEL = 0;
				GCC_PREPROCESSOR_DEFINITIONS = (
					"DEBUG=1",
					"$(inherited)",
				);
				GCC_WARN_64_TO_32_BIT_CONVERSION = YES;
				GCC_WARN_ABOUT_RETURN_TYPE = YES_ERROR;
				GCC_WARN_UNDECLARED_SELECTOR = YES;
				GCC_WARN_UNINITIALIZED_AUTOS = YES_AGGRESSIVE;
				GCC_WARN_UNUSED_FUNCTION = YES;
				GCC_WARN_UNUSED_VARIABLE = YES;
				IPHONEOS_DEPLOYMENT_TARGET = 13.2;
				MTL_ENABLE_DEBUG_INFO = INCLUDE_SOURCE;
				MTL_FAST_MATH = YES;
				ONLY_ACTIVE_ARCH = YES;
				SDKROOT = iphoneos;
				SWIFT_ACTIVE_COMPILATION_CONDITIONS = DEBUG;
				SWIFT_OPTIMIZATION_LEVEL = "-Onone";
			};
			name = Debug;
		};
		D4665887239F8A6E008F13D9 /* Release */ = {
			isa = XCBuildConfiguration;
			buildSettings = {
				ALWAYS_SEARCH_USER_PATHS = NO;
				CLANG_ANALYZER_NONNULL = YES;
				CLANG_ANALYZER_NUMBER_OBJECT_CONVERSION = YES_AGGRESSIVE;
				CLANG_CXX_LANGUAGE_STANDARD = "gnu++14";
				CLANG_CXX_LIBRARY = "libc++";
				CLANG_ENABLE_MODULES = YES;
				CLANG_ENABLE_OBJC_ARC = YES;
				CLANG_ENABLE_OBJC_WEAK = YES;
				CLANG_WARN_BLOCK_CAPTURE_AUTORELEASING = YES;
				CLANG_WARN_BOOL_CONVERSION = YES;
				CLANG_WARN_COMMA = YES;
				CLANG_WARN_CONSTANT_CONVERSION = YES;
				CLANG_WARN_DEPRECATED_OBJC_IMPLEMENTATIONS = YES;
				CLANG_WARN_DIRECT_OBJC_ISA_USAGE = YES_ERROR;
				CLANG_WARN_DOCUMENTATION_COMMENTS = YES;
				CLANG_WARN_EMPTY_BODY = YES;
				CLANG_WARN_ENUM_CONVERSION = YES;
				CLANG_WARN_INFINITE_RECURSION = YES;
				CLANG_WARN_INT_CONVERSION = YES;
				CLANG_WARN_NON_LITERAL_NULL_CONVERSION = YES;
				CLANG_WARN_OBJC_IMPLICIT_RETAIN_SELF = YES;
				CLANG_WARN_OBJC_LITERAL_CONVERSION = YES;
				CLANG_WARN_OBJC_ROOT_CLASS = YES_ERROR;
				CLANG_WARN_RANGE_LOOP_ANALYSIS = YES;
				CLANG_WARN_STRICT_PROTOTYPES = YES;
				CLANG_WARN_SUSPICIOUS_MOVE = YES;
				CLANG_WARN_UNGUARDED_AVAILABILITY = YES_AGGRESSIVE;
				CLANG_WARN_UNREACHABLE_CODE = YES;
				CLANG_WARN__DUPLICATE_METHOD_MATCH = YES;
				COPY_PHASE_STRIP = NO;
				DEBUG_INFORMATION_FORMAT = "dwarf-with-dsym";
				ENABLE_NS_ASSERTIONS = NO;
				ENABLE_STRICT_OBJC_MSGSEND = YES;
				GCC_C_LANGUAGE_STANDARD = gnu11;
				GCC_NO_COMMON_BLOCKS = YES;
				GCC_WARN_64_TO_32_BIT_CONVERSION = YES;
				GCC_WARN_ABOUT_RETURN_TYPE = YES_ERROR;
				GCC_WARN_UNDECLARED_SELECTOR = YES;
				GCC_WARN_UNINITIALIZED_AUTOS = YES_AGGRESSIVE;
				GCC_WARN_UNUSED_FUNCTION = YES;
				GCC_WARN_UNUSED_VARIABLE = YES;
				IPHONEOS_DEPLOYMENT_TARGET = 13.2;
				MTL_ENABLE_DEBUG_INFO = NO;
				MTL_FAST_MATH = YES;
				SDKROOT = iphoneos;
				SWIFT_COMPILATION_MODE = wholemodule;
				SWIFT_OPTIMIZATION_LEVEL = "-O";
				VALIDATE_PRODUCT = YES;
			};
			name = Release;
		};
		D4665889239F8A6E008F13D9 /* Debug */ = {
			isa = XCBuildConfiguration;
			buildSettings = {
				ASSETCATALOG_COMPILER_APPICON_NAME = AppIcon;
				CODE_SIGN_STYLE = Automatic;
				INFOPLIST_FILE = GoRest/Info.plist;
				LD_RUNPATH_SEARCH_PATHS = (
					"$(inherited)",
					"@executable_path/Frameworks",
				);
				PRODUCT_BUNDLE_IDENTIFIER = com.AlexanderGrishin.GoRest;
				PRODUCT_NAME = "$(TARGET_NAME)";
				SWIFT_VERSION = 5.0;
				TARGETED_DEVICE_FAMILY = "1,2";
			};
			name = Debug;
		};
		D466588A239F8A6E008F13D9 /* Release */ = {
			isa = XCBuildConfiguration;
			buildSettings = {
				ASSETCATALOG_COMPILER_APPICON_NAME = AppIcon;
				CODE_SIGN_STYLE = Automatic;
				INFOPLIST_FILE = GoRest/Info.plist;
				LD_RUNPATH_SEARCH_PATHS = (
					"$(inherited)",
					"@executable_path/Frameworks",
				);
				PRODUCT_BUNDLE_IDENTIFIER = com.AlexanderGrishin.GoRest;
				PRODUCT_NAME = "$(TARGET_NAME)";
				SWIFT_VERSION = 5.0;
				TARGETED_DEVICE_FAMILY = "1,2";
			};
			name = Release;
		};
/* End XCBuildConfiguration section */

/* Begin XCConfigurationList section */
		D466586D239F8A6D008F13D9 /* Build configuration list for PBXProject "GoRest" */ = {
			isa = XCConfigurationList;
			buildConfigurations = (
				D4665886239F8A6E008F13D9 /* Debug */,
				D4665887239F8A6E008F13D9 /* Release */,
			);
			defaultConfigurationIsVisible = 0;
			defaultConfigurationName = Release;
		};
		D4665888239F8A6E008F13D9 /* Build configuration list for PBXNativeTarget "GoRest" */ = {
			isa = XCConfigurationList;
			buildConfigurations = (
				D4665889239F8A6E008F13D9 /* Debug */,
				D466588A239F8A6E008F13D9 /* Release */,
			);
			defaultConfigurationIsVisible = 0;
			defaultConfigurationName = Release;
		};
/* End XCConfigurationList section */
	};
	rootObject = D466586A239F8A6D008F13D9 /* Project object */;
}
